// !$*UTF8*$!
{
	archiveVersion = 1;
	classes = {
	};
	objectVersion = 46;
	objects = {

/* Begin PBXBuildFile section */
		047235689F9AA28BFC4F293A /* Pods_CustomCameraTests.framework in Frameworks */ = {isa = PBXBuildFile; fileRef = F130B724E54EE66FFC599756 /* Pods_CustomCameraTests.framework */; };
		7205FE47206D667300EE5B94 /* PersistentService.swift in Sources */ = {isa = PBXBuildFile; fileRef = 7205FE46206D667200EE5B94 /* PersistentService.swift */; };
		721C4B27206A94D0004C54A7 /* CodeVerificationController.swift in Sources */ = {isa = PBXBuildFile; fileRef = 721C4B26206A94D0004C54A7 /* CodeVerificationController.swift */; };
		721C4B29206A9D58004C54A7 /* BorderedLabel.swift in Sources */ = {isa = PBXBuildFile; fileRef = 721C4B28206A9D58004C54A7 /* BorderedLabel.swift */; };
		795F27D8F4B8488141834275 /* Pods_Cheese.framework in Frameworks */ = {isa = PBXBuildFile; fileRef = 243C5C4B3143CBEA584BFA9B /* Pods_Cheese.framework */; };
		9A3F3539200C55F200A088E9 /* InfoViewController.swift in Sources */ = {isa = PBXBuildFile; fileRef = 9A3F3538200C55F200A088E9 /* InfoViewController.swift */; };
		9A5600A320011FF9004A8B29 /* UIViewExtension.swift in Sources */ = {isa = PBXBuildFile; fileRef = 9A5600A220011FF9004A8B29 /* UIViewExtension.swift */; };
		9A80B7C41FFFD78B0065BB4E /* IconView.swift in Sources */ = {isa = PBXBuildFile; fileRef = 9A80B7C31FFFD78B0065BB4E /* IconView.swift */; };
		9ABD989220006279004692DA /* UIImageExtension.swift in Sources */ = {isa = PBXBuildFile; fileRef = 9ABD989120006279004692DA /* UIImageExtension.swift */; };
		9ABD989420006296004692DA /* CGPointExtension.swift in Sources */ = {isa = PBXBuildFile; fileRef = 9ABD989320006296004692DA /* CGPointExtension.swift */; };
		9ABD98992000753A004692DA /* SettingViewController.swift in Sources */ = {isa = PBXBuildFile; fileRef = 9ABD98982000753A004692DA /* SettingViewController.swift */; };
		9ABD989B200076DD004692DA /* Utils.swift in Sources */ = {isa = PBXBuildFile; fileRef = 9ABD989A200076DD004692DA /* Utils.swift */; };
		9ABD989F20007B99004692DA /* CardCollectionViewCell.swift in Sources */ = {isa = PBXBuildFile; fileRef = 9ABD989E20007B99004692DA /* CardCollectionViewCell.swift */; };
		9ABD98A12000857A004692DA /* CardModel.swift in Sources */ = {isa = PBXBuildFile; fileRef = 9ABD98A02000857A004692DA /* CardModel.swift */; };
		9ABD98A32000A0F9004692DA /* UIColorExtension.swift in Sources */ = {isa = PBXBuildFile; fileRef = 9ABD98A22000A0F9004692DA /* UIColorExtension.swift */; };
		9ABD98A52000A722004692DA /* SettingUserDefault.swift in Sources */ = {isa = PBXBuildFile; fileRef = 9ABD98A42000A722004692DA /* SettingUserDefault.swift */; };
		9ABD98A72000AAD6004692DA /* SettingModel.swift in Sources */ = {isa = PBXBuildFile; fileRef = 9ABD98A62000AAD6004692DA /* SettingModel.swift */; };
		9ABD98A92000D2A5004692DA /* ClassLibrary.swift in Sources */ = {isa = PBXBuildFile; fileRef = 9ABD98A82000D2A5004692DA /* ClassLibrary.swift */; };
		9AEB562320086F6600FD7F54 /* Localizable.strings in Resources */ = {isa = PBXBuildFile; fileRef = 9AEB562520086F6600FD7F54 /* Localizable.strings */; };
		9AEB562C200874DD00FD7F54 /* StringExtension.swift in Sources */ = {isa = PBXBuildFile; fileRef = 9AEB562B200874DD00FD7F54 /* StringExtension.swift */; };
		BC6E1A9D2C8429FD993F8CC5 /* Pods_CustomCameraUITests.framework in Frameworks */ = {isa = PBXBuildFile; fileRef = FC01F006AC451780E77DEB9C /* Pods_CustomCameraUITests.framework */; };
		C779EB451DA625B800BFF796 /* AppDelegate.swift in Sources */ = {isa = PBXBuildFile; fileRef = C779EB441DA625B800BFF796 /* AppDelegate.swift */; };
		C779EB471DA625B800BFF796 /* HomeViewController.swift in Sources */ = {isa = PBXBuildFile; fileRef = C779EB461DA625B800BFF796 /* HomeViewController.swift */; };
		C779EB4A1DA625B800BFF796 /* Main.storyboard in Resources */ = {isa = PBXBuildFile; fileRef = C779EB481DA625B800BFF796 /* Main.storyboard */; };
		C779EB4C1DA625B800BFF796 /* Assets.xcassets in Resources */ = {isa = PBXBuildFile; fileRef = C779EB4B1DA625B800BFF796 /* Assets.xcassets */; };
		C779EB4F1DA625B800BFF796 /* LaunchScreen.storyboard in Resources */ = {isa = PBXBuildFile; fileRef = C779EB4D1DA625B800BFF796 /* LaunchScreen.storyboard */; };
		C779EB5A1DA625B900BFF796 /* CustomCameraTests.swift in Sources */ = {isa = PBXBuildFile; fileRef = C779EB591DA625B900BFF796 /* CustomCameraTests.swift */; };
		C779EB651DA625B900BFF796 /* CustomCameraUITests.swift in Sources */ = {isa = PBXBuildFile; fileRef = C779EB641DA625B900BFF796 /* CustomCameraUITests.swift */; };
		F4F7C03B27CE690935DD2CEB /* Pods_CustomCamera.framework in Frameworks */ = {isa = PBXBuildFile; fileRef = 823613606127B4A5648B6984 /* Pods_CustomCamera.framework */; };
/* End PBXBuildFile section */

/* Begin PBXContainerItemProxy section */
		C779EB561DA625B900BFF796 /* PBXContainerItemProxy */ = {
			isa = PBXContainerItemProxy;
			containerPortal = C779EB391DA625B800BFF796 /* Project object */;
			proxyType = 1;
			remoteGlobalIDString = C779EB401DA625B800BFF796;
			remoteInfo = CustomCamera;
		};
		C779EB611DA625B900BFF796 /* PBXContainerItemProxy */ = {
			isa = PBXContainerItemProxy;
			containerPortal = C779EB391DA625B800BFF796 /* Project object */;
			proxyType = 1;
			remoteGlobalIDString = C779EB401DA625B800BFF796;
			remoteInfo = CustomCamera;
		};
/* End PBXContainerItemProxy section */

/* Begin PBXFileReference section */
		243C5C4B3143CBEA584BFA9B /* Pods_Cheese.framework */ = {isa = PBXFileReference; explicitFileType = wrapper.framework; includeInIndex = 0; path = Pods_Cheese.framework; sourceTree = BUILT_PRODUCTS_DIR; };
		283EF981BE570648619660CD /* Pods-Cheese.debug.xcconfig */ = {isa = PBXFileReference; includeInIndex = 1; lastKnownFileType = text.xcconfig; name = "Pods-Cheese.debug.xcconfig"; path = "Pods/Target Support Files/Pods-Cheese/Pods-Cheese.debug.xcconfig"; sourceTree = "<group>"; };
		31674650F7A6795333DD5E3D /* Pods-CustomCamera.debug.xcconfig */ = {isa = PBXFileReference; includeInIndex = 1; lastKnownFileType = text.xcconfig; name = "Pods-CustomCamera.debug.xcconfig"; path = "Pods/Target Support Files/Pods-CustomCamera/Pods-CustomCamera.debug.xcconfig"; sourceTree = "<group>"; };
		7205FE46206D667200EE5B94 /* PersistentService.swift */ = {isa = PBXFileReference; lastKnownFileType = sourcecode.swift; path = PersistentService.swift; sourceTree = "<group>"; };
		721C4B26206A94D0004C54A7 /* CodeVerificationController.swift */ = {isa = PBXFileReference; lastKnownFileType = sourcecode.swift; path = CodeVerificationController.swift; sourceTree = "<group>"; };
		721C4B28206A9D58004C54A7 /* BorderedLabel.swift */ = {isa = PBXFileReference; lastKnownFileType = sourcecode.swift; path = BorderedLabel.swift; sourceTree = "<group>"; };
		724585D02A92BF6BEE81D8B9 /* Pods-CustomCamera.release.xcconfig */ = {isa = PBXFileReference; includeInIndex = 1; lastKnownFileType = text.xcconfig; name = "Pods-CustomCamera.release.xcconfig"; path = "Pods/Target Support Files/Pods-CustomCamera/Pods-CustomCamera.release.xcconfig"; sourceTree = "<group>"; };
		823613606127B4A5648B6984 /* Pods_CustomCamera.framework */ = {isa = PBXFileReference; explicitFileType = wrapper.framework; includeInIndex = 0; path = Pods_CustomCamera.framework; sourceTree = BUILT_PRODUCTS_DIR; };
		94E1313D9B50551F46B1783E /* Pods-Cheese.release.xcconfig */ = {isa = PBXFileReference; includeInIndex = 1; lastKnownFileType = text.xcconfig; name = "Pods-Cheese.release.xcconfig"; path = "Pods/Target Support Files/Pods-Cheese/Pods-Cheese.release.xcconfig"; sourceTree = "<group>"; };
		9A3F3538200C55F200A088E9 /* InfoViewController.swift */ = {isa = PBXFileReference; lastKnownFileType = sourcecode.swift; path = InfoViewController.swift; sourceTree = "<group>"; };
		9A5600A220011FF9004A8B29 /* UIViewExtension.swift */ = {isa = PBXFileReference; lastKnownFileType = sourcecode.swift; path = UIViewExtension.swift; sourceTree = "<group>"; };
		9A80B7C31FFFD78B0065BB4E /* IconView.swift */ = {isa = PBXFileReference; lastKnownFileType = sourcecode.swift; path = IconView.swift; sourceTree = "<group>"; };
		9ABD989120006279004692DA /* UIImageExtension.swift */ = {isa = PBXFileReference; lastKnownFileType = sourcecode.swift; path = UIImageExtension.swift; sourceTree = "<group>"; };
		9ABD989320006296004692DA /* CGPointExtension.swift */ = {isa = PBXFileReference; lastKnownFileType = sourcecode.swift; path = CGPointExtension.swift; sourceTree = "<group>"; };
		9ABD98982000753A004692DA /* SettingViewController.swift */ = {isa = PBXFileReference; lastKnownFileType = sourcecode.swift; path = SettingViewController.swift; sourceTree = "<group>"; };
		9ABD989A200076DD004692DA /* Utils.swift */ = {isa = PBXFileReference; lastKnownFileType = sourcecode.swift; path = Utils.swift; sourceTree = "<group>"; };
		9ABD989E20007B99004692DA /* CardCollectionViewCell.swift */ = {isa = PBXFileReference; lastKnownFileType = sourcecode.swift; path = CardCollectionViewCell.swift; sourceTree = "<group>"; };
		9ABD98A02000857A004692DA /* CardModel.swift */ = {isa = PBXFileReference; lastKnownFileType = sourcecode.swift; path = CardModel.swift; sourceTree = "<group>"; };
		9ABD98A22000A0F9004692DA /* UIColorExtension.swift */ = {isa = PBXFileReference; lastKnownFileType = sourcecode.swift; path = UIColorExtension.swift; sourceTree = "<group>"; };
		9ABD98A42000A722004692DA /* SettingUserDefault.swift */ = {isa = PBXFileReference; lastKnownFileType = sourcecode.swift; path = SettingUserDefault.swift; sourceTree = "<group>"; };
		9ABD98A62000AAD6004692DA /* SettingModel.swift */ = {isa = PBXFileReference; lastKnownFileType = sourcecode.swift; path = SettingModel.swift; sourceTree = "<group>"; };
		9ABD98A82000D2A5004692DA /* ClassLibrary.swift */ = {isa = PBXFileReference; lastKnownFileType = sourcecode.swift; path = ClassLibrary.swift; sourceTree = "<group>"; };
		9AEB562420086F6600FD7F54 /* en */ = {isa = PBXFileReference; lastKnownFileType = text.plist.strings; name = en; path = en.lproj/Localizable.strings; sourceTree = "<group>"; };
		9AEB562820086F9300FD7F54 /* vi */ = {isa = PBXFileReference; lastKnownFileType = text.plist.strings; name = vi; path = vi.lproj/Localizable.strings; sourceTree = "<group>"; };
		9AEB562B200874DD00FD7F54 /* StringExtension.swift */ = {isa = PBXFileReference; lastKnownFileType = sourcecode.swift; path = StringExtension.swift; sourceTree = "<group>"; };
		ABEF3DA9A172CF59BD7AA224 /* Pods-CustomCameraTests.release.xcconfig */ = {isa = PBXFileReference; includeInIndex = 1; lastKnownFileType = text.xcconfig; name = "Pods-CustomCameraTests.release.xcconfig"; path = "Pods/Target Support Files/Pods-CustomCameraTests/Pods-CustomCameraTests.release.xcconfig"; sourceTree = "<group>"; };
		BAC60665F0F33504DF549721 /* Pods-CustomCameraUITests.release.xcconfig */ = {isa = PBXFileReference; includeInIndex = 1; lastKnownFileType = text.xcconfig; name = "Pods-CustomCameraUITests.release.xcconfig"; path = "Pods/Target Support Files/Pods-CustomCameraUITests/Pods-CustomCameraUITests.release.xcconfig"; sourceTree = "<group>"; };
		C779EB411DA625B800BFF796 /* Cheese.app */ = {isa = PBXFileReference; explicitFileType = wrapper.application; includeInIndex = 0; path = Cheese.app; sourceTree = BUILT_PRODUCTS_DIR; };
		C779EB441DA625B800BFF796 /* AppDelegate.swift */ = {isa = PBXFileReference; lastKnownFileType = sourcecode.swift; path = AppDelegate.swift; sourceTree = "<group>"; };
		C779EB461DA625B800BFF796 /* HomeViewController.swift */ = {isa = PBXFileReference; lastKnownFileType = sourcecode.swift; path = HomeViewController.swift; sourceTree = "<group>"; };
		C779EB491DA625B800BFF796 /* Base */ = {isa = PBXFileReference; lastKnownFileType = file.storyboard; name = Base; path = Base.lproj/Main.storyboard; sourceTree = "<group>"; };
		C779EB4B1DA625B800BFF796 /* Assets.xcassets */ = {isa = PBXFileReference; lastKnownFileType = folder.assetcatalog; path = Assets.xcassets; sourceTree = "<group>"; };
		C779EB4E1DA625B800BFF796 /* Base */ = {isa = PBXFileReference; lastKnownFileType = file.storyboard; name = Base; path = Base.lproj/LaunchScreen.storyboard; sourceTree = "<group>"; };
		C779EB501DA625B800BFF796 /* Info.plist */ = {isa = PBXFileReference; lastKnownFileType = text.plist.xml; path = Info.plist; sourceTree = "<group>"; };
		C779EB551DA625B900BFF796 /* CustomCameraTests.xctest */ = {isa = PBXFileReference; explicitFileType = wrapper.cfbundle; includeInIndex = 0; path = CustomCameraTests.xctest; sourceTree = BUILT_PRODUCTS_DIR; };
		C779EB591DA625B900BFF796 /* CustomCameraTests.swift */ = {isa = PBXFileReference; lastKnownFileType = sourcecode.swift; path = CustomCameraTests.swift; sourceTree = "<group>"; };
		C779EB5B1DA625B900BFF796 /* Info.plist */ = {isa = PBXFileReference; lastKnownFileType = text.plist.xml; path = Info.plist; sourceTree = "<group>"; };
		C779EB601DA625B900BFF796 /* CustomCameraUITests.xctest */ = {isa = PBXFileReference; explicitFileType = wrapper.cfbundle; includeInIndex = 0; path = CustomCameraUITests.xctest; sourceTree = BUILT_PRODUCTS_DIR; };
		C779EB641DA625B900BFF796 /* CustomCameraUITests.swift */ = {isa = PBXFileReference; lastKnownFileType = sourcecode.swift; path = CustomCameraUITests.swift; sourceTree = "<group>"; };
		C779EB661DA625B900BFF796 /* Info.plist */ = {isa = PBXFileReference; lastKnownFileType = text.plist.xml; path = Info.plist; sourceTree = "<group>"; };
		E691EB11805D2357F88DF017 /* Pods-CustomCameraUITests.debug.xcconfig */ = {isa = PBXFileReference; includeInIndex = 1; lastKnownFileType = text.xcconfig; name = "Pods-CustomCameraUITests.debug.xcconfig"; path = "Pods/Target Support Files/Pods-CustomCameraUITests/Pods-CustomCameraUITests.debug.xcconfig"; sourceTree = "<group>"; };
		F130B724E54EE66FFC599756 /* Pods_CustomCameraTests.framework */ = {isa = PBXFileReference; explicitFileType = wrapper.framework; includeInIndex = 0; path = Pods_CustomCameraTests.framework; sourceTree = BUILT_PRODUCTS_DIR; };
		FC01F006AC451780E77DEB9C /* Pods_CustomCameraUITests.framework */ = {isa = PBXFileReference; explicitFileType = wrapper.framework; includeInIndex = 0; path = Pods_CustomCameraUITests.framework; sourceTree = BUILT_PRODUCTS_DIR; };
		FE51E7A626172DAB99B5257A /* Pods-CustomCameraTests.debug.xcconfig */ = {isa = PBXFileReference; includeInIndex = 1; lastKnownFileType = text.xcconfig; name = "Pods-CustomCameraTests.debug.xcconfig"; path = "Pods/Target Support Files/Pods-CustomCameraTests/Pods-CustomCameraTests.debug.xcconfig"; sourceTree = "<group>"; };
/* End PBXFileReference section */

/* Begin PBXFrameworksBuildPhase section */
		C779EB3E1DA625B800BFF796 /* Frameworks */ = {
			isa = PBXFrameworksBuildPhase;
			buildActionMask = 2147483647;
			files = (
				F4F7C03B27CE690935DD2CEB /* Pods_CustomCamera.framework in Frameworks */,
				795F27D8F4B8488141834275 /* Pods_Cheese.framework in Frameworks */,
			);
			runOnlyForDeploymentPostprocessing = 0;
		};
		C779EB521DA625B900BFF796 /* Frameworks */ = {
			isa = PBXFrameworksBuildPhase;
			buildActionMask = 2147483647;
			files = (
				047235689F9AA28BFC4F293A /* Pods_CustomCameraTests.framework in Frameworks */,
			);
			runOnlyForDeploymentPostprocessing = 0;
		};
		C779EB5D1DA625B900BFF796 /* Frameworks */ = {
			isa = PBXFrameworksBuildPhase;
			buildActionMask = 2147483647;
			files = (
				BC6E1A9D2C8429FD993F8CC5 /* Pods_CustomCameraUITests.framework in Frameworks */,
			);
			runOnlyForDeploymentPostprocessing = 0;
		};
/* End PBXFrameworksBuildPhase section */

/* Begin PBXGroup section */
		58DFDA4B20E8AD3B17078C43 /* Frameworks */ = {
			isa = PBXGroup;
			children = (
				823613606127B4A5648B6984 /* Pods_CustomCamera.framework */,
				F130B724E54EE66FFC599756 /* Pods_CustomCameraTests.framework */,
				FC01F006AC451780E77DEB9C /* Pods_CustomCameraUITests.framework */,
				243C5C4B3143CBEA584BFA9B /* Pods_Cheese.framework */,
			);
			name = Frameworks;
			sourceTree = "<group>";
		};
		9A3F3537200C555600A088E9 /* Info */ = {
			isa = PBXGroup;
			children = (
				9A3F3538200C55F200A088E9 /* InfoViewController.swift */,
			);
			path = Info;
			sourceTree = "<group>";
		};
		9A80B7C21FFFD7700065BB4E /* Models */ = {
			isa = PBXGroup;
			children = (
				9A80B7C31FFFD78B0065BB4E /* IconView.swift */,
				9ABD98A02000857A004692DA /* CardModel.swift */,
				9ABD98A62000AAD6004692DA /* SettingModel.swift */,
				9ABD98A82000D2A5004692DA /* ClassLibrary.swift */,
			);
			path = Models;
			sourceTree = "<group>";
		};
		9ABD988F20006254004692DA /* Common */ = {
			isa = PBXGroup;
			children = (
				9ABD98902000625A004692DA /* Extension */,
				9ABD989A200076DD004692DA /* Utils.swift */,
				7205FE46206D667200EE5B94 /* PersistentService.swift */,
			);
			path = Common;
			sourceTree = "<group>";
		};
		9ABD98902000625A004692DA /* Extension */ = {
			isa = PBXGroup;
			children = (
				9ABD989120006279004692DA /* UIImageExtension.swift */,
				9ABD989320006296004692DA /* CGPointExtension.swift */,
				9ABD98A22000A0F9004692DA /* UIColorExtension.swift */,
				9A5600A220011FF9004A8B29 /* UIViewExtension.swift */,
				9AEB562B200874DD00FD7F54 /* StringExtension.swift */,
			);
			path = Extension;
			sourceTree = "<group>";
		};
		9ABD9895200074F9004692DA /* ViewControllers */ = {
			isa = PBXGroup;
			children = (
				9A3F3537200C555600A088E9 /* Info */,
				9ABD989720007507004692DA /* Setting */,
				9ABD989620007503004692DA /* Home */,
				721C4B26206A94D0004C54A7 /* CodeVerificationController.swift */,
			);
			path = ViewControllers;
			sourceTree = "<group>";
		};
		9ABD989620007503004692DA /* Home */ = {
			isa = PBXGroup;
			children = (
				C779EB461DA625B800BFF796 /* HomeViewController.swift */,
			);
			path = Home;
			sourceTree = "<group>";
		};
		9ABD989720007507004692DA /* Setting */ = {
			isa = PBXGroup;
			children = (
				9ABD98982000753A004692DA /* SettingViewController.swift */,
				9ABD98A42000A722004692DA /* SettingUserDefault.swift */,
			);
			path = Setting;
			sourceTree = "<group>";
		};
		9ABD989C20007B6A004692DA /* Views */ = {
			isa = PBXGroup;
			children = (
				9ABD989D20007B73004692DA /* Cells */,
				721C4B28206A9D58004C54A7 /* BorderedLabel.swift */,
			);
			path = Views;
			sourceTree = "<group>";
		};
		9ABD989D20007B73004692DA /* Cells */ = {
			isa = PBXGroup;
			children = (
				9ABD989E20007B99004692DA /* CardCollectionViewCell.swift */,
			);
			path = Cells;
			sourceTree = "<group>";
		};
		C779EB381DA625B800BFF796 = {
			isa = PBXGroup;
			children = (
				C779EB431DA625B800BFF796 /* CustomCamera */,
				C779EB581DA625B900BFF796 /* CustomCameraTests */,
				C779EB631DA625B900BFF796 /* CustomCameraUITests */,
				C779EB421DA625B800BFF796 /* Products */,
				FA36D8D927DC9CB8685CC671 /* Pods */,
				58DFDA4B20E8AD3B17078C43 /* Frameworks */,
			);
			sourceTree = "<group>";
		};
		C779EB421DA625B800BFF796 /* Products */ = {
			isa = PBXGroup;
			children = (
				C779EB411DA625B800BFF796 /* Cheese.app */,
				C779EB551DA625B900BFF796 /* CustomCameraTests.xctest */,
				C779EB601DA625B900BFF796 /* CustomCameraUITests.xctest */,
			);
			name = Products;
			sourceTree = "<group>";
		};
		C779EB431DA625B800BFF796 /* CustomCamera */ = {
			isa = PBXGroup;
			children = (
				9A80B7C21FFFD7700065BB4E /* Models */,
				9ABD989C20007B6A004692DA /* Views */,
				9ABD9895200074F9004692DA /* ViewControllers */,
				9ABD988F20006254004692DA /* Common */,
				C779EB441DA625B800BFF796 /* AppDelegate.swift */,
				C779EB481DA625B800BFF796 /* Main.storyboard */,
				C779EB4B1DA625B800BFF796 /* Assets.xcassets */,
				C779EB4D1DA625B800BFF796 /* LaunchScreen.storyboard */,
				C779EB501DA625B800BFF796 /* Info.plist */,
				9AEB562520086F6600FD7F54 /* Localizable.strings */,
			);
			path = CustomCamera;
			sourceTree = "<group>";
		};
		C779EB581DA625B900BFF796 /* CustomCameraTests */ = {
			isa = PBXGroup;
			children = (
				C779EB591DA625B900BFF796 /* CustomCameraTests.swift */,
				C779EB5B1DA625B900BFF796 /* Info.plist */,
			);
			path = CustomCameraTests;
			sourceTree = "<group>";
		};
		C779EB631DA625B900BFF796 /* CustomCameraUITests */ = {
			isa = PBXGroup;
			children = (
				C779EB641DA625B900BFF796 /* CustomCameraUITests.swift */,
				C779EB661DA625B900BFF796 /* Info.plist */,
			);
			path = CustomCameraUITests;
			sourceTree = "<group>";
		};
		FA36D8D927DC9CB8685CC671 /* Pods */ = {
			isa = PBXGroup;
			children = (
				31674650F7A6795333DD5E3D /* Pods-CustomCamera.debug.xcconfig */,
				724585D02A92BF6BEE81D8B9 /* Pods-CustomCamera.release.xcconfig */,
				FE51E7A626172DAB99B5257A /* Pods-CustomCameraTests.debug.xcconfig */,
				ABEF3DA9A172CF59BD7AA224 /* Pods-CustomCameraTests.release.xcconfig */,
				E691EB11805D2357F88DF017 /* Pods-CustomCameraUITests.debug.xcconfig */,
				BAC60665F0F33504DF549721 /* Pods-CustomCameraUITests.release.xcconfig */,
				283EF981BE570648619660CD /* Pods-Cheese.debug.xcconfig */,
				94E1313D9B50551F46B1783E /* Pods-Cheese.release.xcconfig */,
			);
			name = Pods;
			sourceTree = "<group>";
		};
/* End PBXGroup section */

/* Begin PBXNativeTarget section */
		C779EB401DA625B800BFF796 /* Cheese */ = {
			isa = PBXNativeTarget;
			buildConfigurationList = C779EB691DA625B900BFF796 /* Build configuration list for PBXNativeTarget "Cheese" */;
			buildPhases = (
				397CF9097B855C6DDE07099C /* [CP] Check Pods Manifest.lock */,
				C779EB3D1DA625B800BFF796 /* Sources */,
				C779EB3E1DA625B800BFF796 /* Frameworks */,
				C779EB3F1DA625B800BFF796 /* Resources */,
				CB4FB951FDC5C7500CEB4DE0 /* [CP] Embed Pods Frameworks */,
				342BFF724FC85F9A12542AC4 /* [CP] Copy Pods Resources */,
			);
			buildRules = (
			);
			dependencies = (
			);
			name = Cheese;
			productName = CustomCamera;
			productReference = C779EB411DA625B800BFF796 /* Cheese.app */;
			productType = "com.apple.product-type.application";
		};
		C779EB541DA625B900BFF796 /* CustomCameraTests */ = {
			isa = PBXNativeTarget;
			buildConfigurationList = C779EB6C1DA625B900BFF796 /* Build configuration list for PBXNativeTarget "CustomCameraTests" */;
			buildPhases = (
				4EB9A4E8E08374CDD7F48297 /* [CP] Check Pods Manifest.lock */,
				C779EB511DA625B900BFF796 /* Sources */,
				C779EB521DA625B900BFF796 /* Frameworks */,
				C779EB531DA625B900BFF796 /* Resources */,
				CF511B6FE45BCB00574DAF84 /* [CP] Embed Pods Frameworks */,
				DD2B7487E9F8E8C5990C03A0 /* [CP] Copy Pods Resources */,
			);
			buildRules = (
			);
			dependencies = (
				C779EB571DA625B900BFF796 /* PBXTargetDependency */,
			);
			name = CustomCameraTests;
			productName = CustomCameraTests;
			productReference = C779EB551DA625B900BFF796 /* CustomCameraTests.xctest */;
			productType = "com.apple.product-type.bundle.unit-test";
		};
		C779EB5F1DA625B900BFF796 /* CustomCameraUITests */ = {
			isa = PBXNativeTarget;
			buildConfigurationList = C779EB6F1DA625B900BFF796 /* Build configuration list for PBXNativeTarget "CustomCameraUITests" */;
			buildPhases = (
				F9076E62E569DE520EF88C99 /* [CP] Check Pods Manifest.lock */,
				C779EB5C1DA625B900BFF796 /* Sources */,
				C779EB5D1DA625B900BFF796 /* Frameworks */,
				C779EB5E1DA625B900BFF796 /* Resources */,
				4D3B02155FB1B3F82F7C9674 /* [CP] Embed Pods Frameworks */,
				154C426AD1290C7F5432EE4D /* [CP] Copy Pods Resources */,
			);
			buildRules = (
			);
			dependencies = (
				C779EB621DA625B900BFF796 /* PBXTargetDependency */,
			);
			name = CustomCameraUITests;
			productName = CustomCameraUITests;
			productReference = C779EB601DA625B900BFF796 /* CustomCameraUITests.xctest */;
			productType = "com.apple.product-type.bundle.ui-testing";
		};
/* End PBXNativeTarget section */

/* Begin PBXProject section */
		C779EB391DA625B800BFF796 /* Project object */ = {
			isa = PBXProject;
			attributes = {
				LastSwiftUpdateCheck = 0800;
				LastUpgradeCheck = 0800;
				ORGANIZATIONNAME = "FAYA Corporation";
				TargetAttributes = {
					C779EB401DA625B800BFF796 = {
						CreatedOnToolsVersion = 8.0;
						DevelopmentTeam = LACAERZG26;
						ProvisioningStyle = Manual;
					};
					C779EB541DA625B900BFF796 = {
						CreatedOnToolsVersion = 8.0;
						DevelopmentTeam = 6DM9Y28J62;
						ProvisioningStyle = Automatic;
						TestTargetID = C779EB401DA625B800BFF796;
					};
					C779EB5F1DA625B900BFF796 = {
						CreatedOnToolsVersion = 8.0;
						DevelopmentTeam = 6DM9Y28J62;
						ProvisioningStyle = Automatic;
						TestTargetID = C779EB401DA625B800BFF796;
					};
				};
			};
			buildConfigurationList = C779EB3C1DA625B800BFF796 /* Build configuration list for PBXProject "CustomCamera" */;
			compatibilityVersion = "Xcode 3.2";
			developmentRegion = English;
			hasScannedForEncodings = 0;
			knownRegions = (
				en,
				Base,
				vi,
			);
			mainGroup = C779EB381DA625B800BFF796;
			productRefGroup = C779EB421DA625B800BFF796 /* Products */;
			projectDirPath = "";
			projectRoot = "";
			targets = (
				C779EB401DA625B800BFF796 /* Cheese */,
				C779EB541DA625B900BFF796 /* CustomCameraTests */,
				C779EB5F1DA625B900BFF796 /* CustomCameraUITests */,
			);
		};
/* End PBXProject section */

/* Begin PBXResourcesBuildPhase section */
		C779EB3F1DA625B800BFF796 /* Resources */ = {
			isa = PBXResourcesBuildPhase;
			buildActionMask = 2147483647;
			files = (
				C779EB4F1DA625B800BFF796 /* LaunchScreen.storyboard in Resources */,
				9AEB562320086F6600FD7F54 /* Localizable.strings in Resources */,
				C779EB4C1DA625B800BFF796 /* Assets.xcassets in Resources */,
				C779EB4A1DA625B800BFF796 /* Main.storyboard in Resources */,
			);
			runOnlyForDeploymentPostprocessing = 0;
		};
		C779EB531DA625B900BFF796 /* Resources */ = {
			isa = PBXResourcesBuildPhase;
			buildActionMask = 2147483647;
			files = (
			);
			runOnlyForDeploymentPostprocessing = 0;
		};
		C779EB5E1DA625B900BFF796 /* Resources */ = {
			isa = PBXResourcesBuildPhase;
			buildActionMask = 2147483647;
			files = (
			);
			runOnlyForDeploymentPostprocessing = 0;
		};
/* End PBXResourcesBuildPhase section */

/* Begin PBXShellScriptBuildPhase section */
		154C426AD1290C7F5432EE4D /* [CP] Copy Pods Resources */ = {
			isa = PBXShellScriptBuildPhase;
			buildActionMask = 2147483647;
			files = (
			);
			inputPaths = (
			);
			name = "[CP] Copy Pods Resources";
			outputPaths = (
			);
			runOnlyForDeploymentPostprocessing = 0;
			shellPath = /bin/sh;
			shellScript = "\"${SRCROOT}/Pods/Target Support Files/Pods-CustomCameraUITests/Pods-CustomCameraUITests-resources.sh\"\n";
			showEnvVarsInLog = 0;
		};
		342BFF724FC85F9A12542AC4 /* [CP] Copy Pods Resources */ = {
			isa = PBXShellScriptBuildPhase;
			buildActionMask = 2147483647;
			files = (
			);
			inputPaths = (
			);
			name = "[CP] Copy Pods Resources";
			outputPaths = (
			);
			runOnlyForDeploymentPostprocessing = 0;
			shellPath = /bin/sh;
			shellScript = "\"${SRCROOT}/Pods/Target Support Files/Pods-Cheese/Pods-Cheese-resources.sh\"\n";
			showEnvVarsInLog = 0;
		};
		397CF9097B855C6DDE07099C /* [CP] Check Pods Manifest.lock */ = {
			isa = PBXShellScriptBuildPhase;
			buildActionMask = 2147483647;
			files = (
			);
			inputPaths = (
				"${PODS_PODFILE_DIR_PATH}/Podfile.lock",
				"${PODS_ROOT}/Manifest.lock",
			);
			name = "[CP] Check Pods Manifest.lock";
			outputPaths = (
				"$(DERIVED_FILE_DIR)/Pods-Cheese-checkManifestLockResult.txt",
			);
			runOnlyForDeploymentPostprocessing = 0;
			shellPath = /bin/sh;
			shellScript = "diff \"${PODS_PODFILE_DIR_PATH}/Podfile.lock\" \"${PODS_ROOT}/Manifest.lock\" > /dev/null\nif [ $? != 0 ] ; then\n    # print error to STDERR\n    echo \"error: The sandbox is not in sync with the Podfile.lock. Run 'pod install' or update your CocoaPods installation.\" >&2\n    exit 1\nfi\n# This output is used by Xcode 'outputs' to avoid re-running this script phase.\necho \"SUCCESS\" > \"${SCRIPT_OUTPUT_FILE_0}\"\n";
			showEnvVarsInLog = 0;
		};
		4D3B02155FB1B3F82F7C9674 /* [CP] Embed Pods Frameworks */ = {
			isa = PBXShellScriptBuildPhase;
			buildActionMask = 2147483647;
			files = (
			);
			inputPaths = (
			);
			name = "[CP] Embed Pods Frameworks";
			outputPaths = (
			);
			runOnlyForDeploymentPostprocessing = 0;
			shellPath = /bin/sh;
			shellScript = "\"${SRCROOT}/Pods/Target Support Files/Pods-CustomCameraUITests/Pods-CustomCameraUITests-frameworks.sh\"\n";
			showEnvVarsInLog = 0;
		};
		4EB9A4E8E08374CDD7F48297 /* [CP] Check Pods Manifest.lock */ = {
			isa = PBXShellScriptBuildPhase;
			buildActionMask = 2147483647;
			files = (
			);
			inputPaths = (
				"${PODS_PODFILE_DIR_PATH}/Podfile.lock",
				"${PODS_ROOT}/Manifest.lock",
			);
			name = "[CP] Check Pods Manifest.lock";
			outputPaths = (
				"$(DERIVED_FILE_DIR)/Pods-CustomCameraTests-checkManifestLockResult.txt",
			);
			runOnlyForDeploymentPostprocessing = 0;
			shellPath = /bin/sh;
			shellScript = "diff \"${PODS_PODFILE_DIR_PATH}/Podfile.lock\" \"${PODS_ROOT}/Manifest.lock\" > /dev/null\nif [ $? != 0 ] ; then\n    # print error to STDERR\n    echo \"error: The sandbox is not in sync with the Podfile.lock. Run 'pod install' or update your CocoaPods installation.\" >&2\n    exit 1\nfi\n# This output is used by Xcode 'outputs' to avoid re-running this script phase.\necho \"SUCCESS\" > \"${SCRIPT_OUTPUT_FILE_0}\"\n";
			showEnvVarsInLog = 0;
		};
		CB4FB951FDC5C7500CEB4DE0 /* [CP] Embed Pods Frameworks */ = {
			isa = PBXShellScriptBuildPhase;
			buildActionMask = 2147483647;
			files = (
			);
			inputPaths = (
				"${SRCROOT}/Pods/Target Support Files/Pods-Cheese/Pods-Cheese-frameworks.sh",
				"${BUILT_PRODUCTS_DIR}/Alamofire/Alamofire.framework",
				"${BUILT_PRODUCTS_DIR}/KDCircularProgress/KDCircularProgress.framework",
				"${BUILT_PRODUCTS_DIR}/MBProgressHUD/MBProgressHUD.framework",
			);
			name = "[CP] Embed Pods Frameworks";
			outputPaths = (
				"${TARGET_BUILD_DIR}/${FRAMEWORKS_FOLDER_PATH}/Alamofire.framework",
				"${TARGET_BUILD_DIR}/${FRAMEWORKS_FOLDER_PATH}/KDCircularProgress.framework",
				"${TARGET_BUILD_DIR}/${FRAMEWORKS_FOLDER_PATH}/MBProgressHUD.framework",
			);
			runOnlyForDeploymentPostprocessing = 0;
			shellPath = /bin/sh;
			shellScript = "\"${SRCROOT}/Pods/Target Support Files/Pods-Cheese/Pods-Cheese-frameworks.sh\"\n";
			showEnvVarsInLog = 0;
		};
		CF511B6FE45BCB00574DAF84 /* [CP] Embed Pods Frameworks */ = {
			isa = PBXShellScriptBuildPhase;
			buildActionMask = 2147483647;
			files = (
			);
			inputPaths = (
			);
			name = "[CP] Embed Pods Frameworks";
			outputPaths = (
			);
			runOnlyForDeploymentPostprocessing = 0;
			shellPath = /bin/sh;
			shellScript = "\"${SRCROOT}/Pods/Target Support Files/Pods-CustomCameraTests/Pods-CustomCameraTests-frameworks.sh\"\n";
			showEnvVarsInLog = 0;
		};
		DD2B7487E9F8E8C5990C03A0 /* [CP] Copy Pods Resources */ = {
			isa = PBXShellScriptBuildPhase;
			buildActionMask = 2147483647;
			files = (
			);
			inputPaths = (
			);
			name = "[CP] Copy Pods Resources";
			outputPaths = (
			);
			runOnlyForDeploymentPostprocessing = 0;
			shellPath = /bin/sh;
			shellScript = "\"${SRCROOT}/Pods/Target Support Files/Pods-CustomCameraTests/Pods-CustomCameraTests-resources.sh\"\n";
			showEnvVarsInLog = 0;
		};
		F9076E62E569DE520EF88C99 /* [CP] Check Pods Manifest.lock */ = {
			isa = PBXShellScriptBuildPhase;
			buildActionMask = 2147483647;
			files = (
			);
			inputPaths = (
				"${PODS_PODFILE_DIR_PATH}/Podfile.lock",
				"${PODS_ROOT}/Manifest.lock",
			);
			name = "[CP] Check Pods Manifest.lock";
			outputPaths = (
				"$(DERIVED_FILE_DIR)/Pods-CustomCameraUITests-checkManifestLockResult.txt",
			);
			runOnlyForDeploymentPostprocessing = 0;
			shellPath = /bin/sh;
			shellScript = "diff \"${PODS_PODFILE_DIR_PATH}/Podfile.lock\" \"${PODS_ROOT}/Manifest.lock\" > /dev/null\nif [ $? != 0 ] ; then\n    # print error to STDERR\n    echo \"error: The sandbox is not in sync with the Podfile.lock. Run 'pod install' or update your CocoaPods installation.\" >&2\n    exit 1\nfi\n# This output is used by Xcode 'outputs' to avoid re-running this script phase.\necho \"SUCCESS\" > \"${SCRIPT_OUTPUT_FILE_0}\"\n";
			showEnvVarsInLog = 0;
		};
/* End PBXShellScriptBuildPhase section */

/* Begin PBXSourcesBuildPhase section */
		C779EB3D1DA625B800BFF796 /* Sources */ = {
			isa = PBXSourcesBuildPhase;
			buildActionMask = 2147483647;
			files = (
				9ABD989F20007B99004692DA /* CardCollectionViewCell.swift in Sources */,
				C779EB471DA625B800BFF796 /* HomeViewController.swift in Sources */,
				9AEB562C200874DD00FD7F54 /* StringExtension.swift in Sources */,
				9ABD98A72000AAD6004692DA /* SettingModel.swift in Sources */,
				7205FE47206D667300EE5B94 /* PersistentService.swift in Sources */,
				9ABD98A12000857A004692DA /* CardModel.swift in Sources */,
				9A5600A320011FF9004A8B29 /* UIViewExtension.swift in Sources */,
				9A80B7C41FFFD78B0065BB4E /* IconView.swift in Sources */,
				9ABD989420006296004692DA /* CGPointExtension.swift in Sources */,
				9ABD989B200076DD004692DA /* Utils.swift in Sources */,
				721C4B29206A9D58004C54A7 /* BorderedLabel.swift in Sources */,
				C779EB451DA625B800BFF796 /* AppDelegate.swift in Sources */,
				9ABD98A52000A722004692DA /* SettingUserDefault.swift in Sources */,
				721C4B27206A94D0004C54A7 /* CodeVerificationController.swift in Sources */,
				9ABD98A32000A0F9004692DA /* UIColorExtension.swift in Sources */,
				9ABD989220006279004692DA /* UIImageExtension.swift in Sources */,
				9ABD98992000753A004692DA /* SettingViewController.swift in Sources */,
				9A3F3539200C55F200A088E9 /* InfoViewController.swift in Sources */,
				9ABD98A92000D2A5004692DA /* ClassLibrary.swift in Sources */,
			);
			runOnlyForDeploymentPostprocessing = 0;
		};
		C779EB511DA625B900BFF796 /* Sources */ = {
			isa = PBXSourcesBuildPhase;
			buildActionMask = 2147483647;
			files = (
				C779EB5A1DA625B900BFF796 /* CustomCameraTests.swift in Sources */,
			);
			runOnlyForDeploymentPostprocessing = 0;
		};
		C779EB5C1DA625B900BFF796 /* Sources */ = {
			isa = PBXSourcesBuildPhase;
			buildActionMask = 2147483647;
			files = (
				C779EB651DA625B900BFF796 /* CustomCameraUITests.swift in Sources */,
			);
			runOnlyForDeploymentPostprocessing = 0;
		};
/* End PBXSourcesBuildPhase section */

/* Begin PBXTargetDependency section */
		C779EB571DA625B900BFF796 /* PBXTargetDependency */ = {
			isa = PBXTargetDependency;
			target = C779EB401DA625B800BFF796 /* Cheese */;
			targetProxy = C779EB561DA625B900BFF796 /* PBXContainerItemProxy */;
		};
		C779EB621DA625B900BFF796 /* PBXTargetDependency */ = {
			isa = PBXTargetDependency;
			target = C779EB401DA625B800BFF796 /* Cheese */;
			targetProxy = C779EB611DA625B900BFF796 /* PBXContainerItemProxy */;
		};
/* End PBXTargetDependency section */

/* Begin PBXVariantGroup section */
		9AEB562520086F6600FD7F54 /* Localizable.strings */ = {
			isa = PBXVariantGroup;
			children = (
				9AEB562420086F6600FD7F54 /* en */,
				9AEB562820086F9300FD7F54 /* vi */,
			);
			name = Localizable.strings;
			sourceTree = "<group>";
		};
		C779EB481DA625B800BFF796 /* Main.storyboard */ = {
			isa = PBXVariantGroup;
			children = (
				C779EB491DA625B800BFF796 /* Base */,
			);
			name = Main.storyboard;
			sourceTree = "<group>";
		};
		C779EB4D1DA625B800BFF796 /* LaunchScreen.storyboard */ = {
			isa = PBXVariantGroup;
			children = (
				C779EB4E1DA625B800BFF796 /* Base */,
			);
			name = LaunchScreen.storyboard;
			sourceTree = "<group>";
		};
/* End PBXVariantGroup section */

/* Begin XCBuildConfiguration section */
		C779EB671DA625B900BFF796 /* Debug */ = {
			isa = XCBuildConfiguration;
			buildSettings = {
				ALWAYS_SEARCH_USER_PATHS = NO;
				CLANG_ANALYZER_LOCALIZABILITY_NONLOCALIZED = YES;
				CLANG_ANALYZER_NONNULL = YES;
				CLANG_CXX_LANGUAGE_STANDARD = "gnu++0x";
				CLANG_CXX_LIBRARY = "libc++";
				CLANG_ENABLE_MODULES = YES;
				CLANG_ENABLE_OBJC_ARC = YES;
				CLANG_WARN_BOOL_CONVERSION = YES;
				CLANG_WARN_CONSTANT_CONVERSION = YES;
				CLANG_WARN_DIRECT_OBJC_ISA_USAGE = YES_ERROR;
				CLANG_WARN_DOCUMENTATION_COMMENTS = YES;
				CLANG_WARN_EMPTY_BODY = YES;
				CLANG_WARN_ENUM_CONVERSION = YES;
				CLANG_WARN_INFINITE_RECURSION = YES;
				CLANG_WARN_INT_CONVERSION = YES;
				CLANG_WARN_OBJC_ROOT_CLASS = YES_ERROR;
				CLANG_WARN_SUSPICIOUS_MOVES = YES;
				CLANG_WARN_UNREACHABLE_CODE = YES;
				CLANG_WARN__DUPLICATE_METHOD_MATCH = YES;
				"CODE_SIGN_IDENTITY[sdk=iphoneos*]" = "iPhone Developer";
				COPY_PHASE_STRIP = NO;
				DEBUG_INFORMATION_FORMAT = dwarf;
				ENABLE_STRICT_OBJC_MSGSEND = YES;
				ENABLE_TESTABILITY = YES;
				GCC_C_LANGUAGE_STANDARD = gnu99;
				GCC_DYNAMIC_NO_PIC = NO;
				GCC_NO_COMMON_BLOCKS = YES;
				GCC_OPTIMIZATION_LEVEL = 0;
				GCC_PREPROCESSOR_DEFINITIONS = (
					"DEBUG=1",
					"$(inherited)",
				);
				GCC_WARN_64_TO_32_BIT_CONVERSION = YES;
				GCC_WARN_ABOUT_RETURN_TYPE = YES_ERROR;
				GCC_WARN_UNDECLARED_SELECTOR = YES;
				GCC_WARN_UNINITIALIZED_AUTOS = YES_AGGRESSIVE;
				GCC_WARN_UNUSED_FUNCTION = YES;
				GCC_WARN_UNUSED_VARIABLE = YES;
				IPHONEOS_DEPLOYMENT_TARGET = 10.0;
				MTL_ENABLE_DEBUG_INFO = YES;
				ONLY_ACTIVE_ARCH = YES;
				SDKROOT = iphoneos;
				SWIFT_ACTIVE_COMPILATION_CONDITIONS = DEBUG;
				SWIFT_OPTIMIZATION_LEVEL = "-Onone";
			};
			name = Debug;
		};
		C779EB681DA625B900BFF796 /* Release */ = {
			isa = XCBuildConfiguration;
			buildSettings = {
				ALWAYS_SEARCH_USER_PATHS = NO;
				CLANG_ANALYZER_LOCALIZABILITY_NONLOCALIZED = YES;
				CLANG_ANALYZER_NONNULL = YES;
				CLANG_CXX_LANGUAGE_STANDARD = "gnu++0x";
				CLANG_CXX_LIBRARY = "libc++";
				CLANG_ENABLE_MODULES = YES;
				CLANG_ENABLE_OBJC_ARC = YES;
				CLANG_WARN_BOOL_CONVERSION = YES;
				CLANG_WARN_CONSTANT_CONVERSION = YES;
				CLANG_WARN_DIRECT_OBJC_ISA_USAGE = YES_ERROR;
				CLANG_WARN_DOCUMENTATION_COMMENTS = YES;
				CLANG_WARN_EMPTY_BODY = YES;
				CLANG_WARN_ENUM_CONVERSION = YES;
				CLANG_WARN_INFINITE_RECURSION = YES;
				CLANG_WARN_INT_CONVERSION = YES;
				CLANG_WARN_OBJC_ROOT_CLASS = YES_ERROR;
				CLANG_WARN_SUSPICIOUS_MOVES = YES;
				CLANG_WARN_UNREACHABLE_CODE = YES;
				CLANG_WARN__DUPLICATE_METHOD_MATCH = YES;
				"CODE_SIGN_IDENTITY[sdk=iphoneos*]" = "iPhone Developer";
				COPY_PHASE_STRIP = NO;
				DEBUG_INFORMATION_FORMAT = "dwarf-with-dsym";
				ENABLE_NS_ASSERTIONS = NO;
				ENABLE_STRICT_OBJC_MSGSEND = YES;
				GCC_C_LANGUAGE_STANDARD = gnu99;
				GCC_NO_COMMON_BLOCKS = YES;
				GCC_WARN_64_TO_32_BIT_CONVERSION = YES;
				GCC_WARN_ABOUT_RETURN_TYPE = YES_ERROR;
				GCC_WARN_UNDECLARED_SELECTOR = YES;
				GCC_WARN_UNINITIALIZED_AUTOS = YES_AGGRESSIVE;
				GCC_WARN_UNUSED_FUNCTION = YES;
				GCC_WARN_UNUSED_VARIABLE = YES;
				IPHONEOS_DEPLOYMENT_TARGET = 10.0;
				MTL_ENABLE_DEBUG_INFO = NO;
				SDKROOT = iphoneos;
				SWIFT_OPTIMIZATION_LEVEL = "-Owholemodule";
				VALIDATE_PRODUCT = YES;
			};
			name = Release;
		};
		C779EB6A1DA625B900BFF796 /* Debug */ = {
			isa = XCBuildConfiguration;
			baseConfigurationReference = 283EF981BE570648619660CD /* Pods-Cheese.debug.xcconfig */;
			buildSettings = {
				ASSETCATALOG_COMPILER_APPICON_NAME = AppIcon;
				"CODE_SIGN_IDENTITY[sdk=iphoneos*]" = "iPhone Developer";
				CODE_SIGN_STYLE = Manual;
				DEVELOPMENT_TEAM = LACAERZG26;
				INFOPLIST_FILE = CustomCamera/Info.plist;
				IPHONEOS_DEPLOYMENT_TARGET = 9.0;
				LD_RUNPATH_SEARCH_PATHS = "$(inherited) @executable_path/Frameworks";
				PRODUCT_BUNDLE_IDENTIFIER = smagic.productions;
				PRODUCT_NAME = "$(TARGET_NAME)";
				PROVISIONING_PROFILE = "c78d411e-0b99-472f-a442-4242f66ba742";
				PROVISIONING_PROFILE_SPECIFIER = AllApp_Dev;
				SWIFT_VERSION = 3.0;
			};
			name = Debug;
		};
		C779EB6B1DA625B900BFF796 /* Release */ = {
			isa = XCBuildConfiguration;
			baseConfigurationReference = 94E1313D9B50551F46B1783E /* Pods-Cheese.release.xcconfig */;
			buildSettings = {
				ASSETCATALOG_COMPILER_APPICON_NAME = AppIcon;
				"CODE_SIGN_IDENTITY[sdk=iphoneos*]" = "iPhone Distribution";
				CODE_SIGN_STYLE = Manual;
				DEVELOPMENT_TEAM = B5KML4S479;
				INFOPLIST_FILE = CustomCamera/Info.plist;
				IPHONEOS_DEPLOYMENT_TARGET = 9.0;
				LD_RUNPATH_SEARCH_PATHS = "$(inherited) @executable_path/Frameworks";
				PRODUCT_BUNDLE_IDENTIFIER = smagic.productions;
				PRODUCT_NAME = "$(TARGET_NAME)";
				PROVISIONING_PROFILE = "c33cf525-6d55-4f04-93f2-b68ac9f3b882";
				PROVISIONING_PROFILE_SPECIFIER = Cheese_AppStore;
				SWIFT_VERSION = 3.0;
			};
			name = Release;
		};
		C779EB6D1DA625B900BFF796 /* Debug */ = {
			isa = XCBuildConfiguration;
			baseConfigurationReference = FE51E7A626172DAB99B5257A /* Pods-CustomCameraTests.debug.xcconfig */;
			buildSettings = {
				ALWAYS_EMBED_SWIFT_STANDARD_LIBRARIES = YES;
				BUNDLE_LOADER = "$(TEST_HOST)";
				DEVELOPMENT_TEAM = 6DM9Y28J62;
				INFOPLIST_FILE = CustomCameraTests/Info.plist;
				LD_RUNPATH_SEARCH_PATHS = "$(inherited) @executable_path/Frameworks @loader_path/Frameworks";
				PRODUCT_BUNDLE_IDENTIFIER = com.faya.CustomCameraTests;
				PRODUCT_NAME = "$(TARGET_NAME)";
				SWIFT_VERSION = 3.0;
				TEST_HOST = "$(BUILT_PRODUCTS_DIR)/CustomCamera.app/CustomCamera";
			};
			name = Debug;
		};
		C779EB6E1DA625B900BFF796 /* Release */ = {
			isa = XCBuildConfiguration;
			baseConfigurationReference = ABEF3DA9A172CF59BD7AA224 /* Pods-CustomCameraTests.release.xcconfig */;
			buildSettings = {
				ALWAYS_EMBED_SWIFT_STANDARD_LIBRARIES = YES;
				BUNDLE_LOADER = "$(TEST_HOST)";
				DEVELOPMENT_TEAM = 6DM9Y28J62;
				INFOPLIST_FILE = CustomCameraTests/Info.plist;
				LD_RUNPATH_SEARCH_PATHS = "$(inherited) @executable_path/Frameworks @loader_path/Frameworks";
				PRODUCT_BUNDLE_IDENTIFIER = com.faya.CustomCameraTests;
				PRODUCT_NAME = "$(TARGET_NAME)";
				SWIFT_VERSION = 3.0;
				TEST_HOST = "$(BUILT_PRODUCTS_DIR)/CustomCamera.app/CustomCamera";
			};
			name = Release;
		};
		C779EB701DA625B900BFF796 /* Debug */ = {
			isa = XCBuildConfiguration;
			baseConfigurationReference = E691EB11805D2357F88DF017 /* Pods-CustomCameraUITests.debug.xcconfig */;
			buildSettings = {
				ALWAYS_EMBED_SWIFT_STANDARD_LIBRARIES = YES;
				DEVELOPMENT_TEAM = 6DM9Y28J62;
				INFOPLIST_FILE = CustomCameraUITests/Info.plist;
				LD_RUNPATH_SEARCH_PATHS = "$(inherited) @executable_path/Frameworks @loader_path/Frameworks";
				PRODUCT_BUNDLE_IDENTIFIER = com.faya.CustomCameraUITests;
				PRODUCT_NAME = "$(TARGET_NAME)";
				SWIFT_VERSION = 3.0;
				TEST_TARGET_NAME = CustomCamera;
			};
			name = Debug;
		};
		C779EB711DA625B900BFF796 /* Release */ = {
			isa = XCBuildConfiguration;
			baseConfigurationReference = BAC60665F0F33504DF549721 /* Pods-CustomCameraUITests.release.xcconfig */;
			buildSettings = {
				ALWAYS_EMBED_SWIFT_STANDARD_LIBRARIES = YES;
				DEVELOPMENT_TEAM = 6DM9Y28J62;
				INFOPLIST_FILE = CustomCameraUITests/Info.plist;
				LD_RUNPATH_SEARCH_PATHS = "$(inherited) @executable_path/Frameworks @loader_path/Frameworks";
				PRODUCT_BUNDLE_IDENTIFIER = com.faya.CustomCameraUITests;
				PRODUCT_NAME = "$(TARGET_NAME)";
				SWIFT_VERSION = 3.0;
				TEST_TARGET_NAME = CustomCamera;
			};
			name = Release;
		};
/* End XCBuildConfiguration section */

/* Begin XCConfigurationList section */
		C779EB3C1DA625B800BFF796 /* Build configuration list for PBXProject "CustomCamera" */ = {
			isa = XCConfigurationList;
			buildConfigurations = (
				C779EB671DA625B900BFF796 /* Debug */,
				C779EB681DA625B900BFF796 /* Release */,
			);
			defaultConfigurationIsVisible = 0;
			defaultConfigurationName = Release;
		};
		C779EB691DA625B900BFF796 /* Build configuration list for PBXNativeTarget "Cheese" */ = {
			isa = XCConfigurationList;
			buildConfigurations = (
				C779EB6A1DA625B900BFF796 /* Debug */,
				C779EB6B1DA625B900BFF796 /* Release */,
			);
			defaultConfigurationIsVisible = 0;
			defaultConfigurationName = Release;
		};
		C779EB6C1DA625B900BFF796 /* Build configuration list for PBXNativeTarget "CustomCameraTests" */ = {
			isa = XCConfigurationList;
			buildConfigurations = (
				C779EB6D1DA625B900BFF796 /* Debug */,
				C779EB6E1DA625B900BFF796 /* Release */,
			);
			defaultConfigurationIsVisible = 0;
			defaultConfigurationName = Release;
		};
		C779EB6F1DA625B900BFF796 /* Build configuration list for PBXNativeTarget "CustomCameraUITests" */ = {
			isa = XCConfigurationList;
			buildConfigurations = (
				C779EB701DA625B900BFF796 /* Debug */,
				C779EB711DA625B900BFF796 /* Release */,
			);
			defaultConfigurationIsVisible = 0;
			defaultConfigurationName = Release;
		};
/* End XCConfigurationList section */
	};
	rootObject = C779EB391DA625B800BFF796 /* Project object */;
}
